PODS:
  - Alamofire (5.10.2)
  - GA-SDK-IOS (4.11.0)

DEPENDENCIES:
  - Alamofire
  - GA-SDK-IOS (~> 4.11.0)

SPEC REPOS:
  trunk:
    - Alamofire
    - GA-SDK-IOS

SPEC CHECKSUMS:
  Alamofire: 7193b3b92c74a07f85569e1a6c4f4237291e7496
  GA-SDK-IOS: 2dac1723717106668f2e300cf36a83d384871d66

PODFILE CHECKSUM: 374e4a8773737dff272bc20b053d919c55d0fdef

COCOAPODS: 1.16.2
